
Microsoft Visual Studio Solution File, Format Version 12.00
# Visual Studio Version 16
VisualStudioVersion = 16.0.31005.135
MinimumVisualStudioVersion = 10.0.40219.1
Project("{FAE04EC0-301F-11D3-BF4B-00C04F79EFBC}") = "EntityFrameworksTut", "EntityFrameworksTut\EntityFrameworksTut.csproj", "{A45D3B99-0E71-45F6-AC54-26E98B0E22A2}"
EndProject
Global
	GlobalSection(SolutionConfigurationPlatforms) = preSolution
		Debug|Any CPU = Debug|Any CPU
		Release|Any CPU = Release|Any CPU
	EndGlobalSection
	GlobalSection(ProjectConfigurationPlatforms) = postSolution
		{A45D3B99-0E71-45F6-AC54-26E98B0E22A2}.Debug|Any CPU.ActiveCfg = Debug|Any CPU
		{A45D3B99-0E71-45F6-AC54-26E98B0E22A2}.Debug|Any CPU.Build.0 = Debug|Any CPU
		{A45D3B99-0E71-45F6-AC54-26E98B0E22A2}.Release|Any CPU.ActiveCfg = Release|Any CPU
		{A45D3B99-0E71-45F6-AC54-26E98B0E22A2}.Release|Any CPU.Build.0 = Release|Any CPU
	EndGlobalSection
	GlobalSection(SolutionProperties) = preSolution
		HideSolutionNode = FALSE
	EndGlobalSection
	GlobalSection(ExtensibilityGlobals) = postSolution
		SolutionGuid = {2DAB92F1-C1C1-49BE-9725-761F5F572185}
	EndGlobalSection
EndGlobal
